
Microsoft Visual Studio Solution File, Format Version 12.00
# Visual Studio Version 17
VisualStudioVersion = 17.3.32825.248
MinimumVisualStudioVersion = 10.0.40219.1
Project("{FAE04EC0-301F-11D3-BF4B-00C04F79EFBC}") = "RomanNumerals", "RomanNumerals\RomanNumerals.csproj", "{FA4BC5C0-AEFA-43BE-864D-58A9A3302A78}"
EndProject
Project("{FAE04EC0-301F-11D3-BF4B-00C04F79EFBC}") = "RomanNumeralsTests", "RomanNumeralsTests\RomanNumeralsTests.csproj", "{BDE5B6E5-FBB4-4ECF-85A0-3313CD6E4C12}"
EndProject
Global
	GlobalSection(SolutionConfigurationPlatforms) = preSolution
		Debug|Any CPU = Debug|Any CPU
		Release|Any CPU = Release|Any CPU
	EndGlobalSection
	GlobalSection(ProjectConfigurationPlatforms) = postSolution
		{FA4BC5C0-AEFA-43BE-864D-58A9A3302A78}.Debug|Any CPU.ActiveCfg = Debug|Any CPU
		{FA4BC5C0-AEFA-43BE-864D-58A9A3302A78}.Debug|Any CPU.Build.0 = Debug|Any CPU
		{FA4BC5C0-AEFA-43BE-864D-58A9A3302A78}.Release|Any CPU.ActiveCfg = Release|Any CPU
		{FA4BC5C0-AEFA-43BE-864D-58A9A3302A78}.Release|Any CPU.Build.0 = Release|Any CPU
		{BDE5B6E5-FBB4-4ECF-85A0-3313CD6E4C12}.Debug|Any CPU.ActiveCfg = Debug|Any CPU
		{BDE5B6E5-FBB4-4ECF-85A0-3313CD6E4C12}.Debug|Any CPU.Build.0 = Debug|Any CPU
		{BDE5B6E5-FBB4-4ECF-85A0-3313CD6E4C12}.Release|Any CPU.ActiveCfg = Release|Any CPU
		{BDE5B6E5-FBB4-4ECF-85A0-3313CD6E4C12}.Release|Any CPU.Build.0 = Release|Any CPU
	EndGlobalSection
	GlobalSection(SolutionProperties) = preSolution
		HideSolutionNode = FALSE
	EndGlobalSection
	GlobalSection(ExtensibilityGlobals) = postSolution
		SolutionGuid = {08198C56-DEE8-476E-8CED-49AD041EC0DF}
	EndGlobalSection
EndGlobal
